
Microsoft Visual Studio Solution File, Format Version 12.00
# Visual Studio Version 17
VisualStudioVersion = 17.0.31903.59
MinimumVisualStudioVersion = 10.0.40219.1
Project("{2150E333-8FDC-42A3-9474-1A3956D46DE8}") = "test", "test", "{13F69FED-EA9C-4826-B5B5-0AA935278A2A}"
EndProject
Project("{2150E333-8FDC-42A3-9474-1A3956D46DE8}") = "src", "src", "{90AD7F3E-2D72-4ECF-9B1B-2547E7539253}"
EndProject
Project("{2150E333-8FDC-42A3-9474-1A3956D46DE8}") = "applications", "applications", "{BDC06457-271F-4EE4-9CB2-E3D12A61116E}"
EndProject
Project("{2150E333-8FDC-42A3-9474-1A3956D46DE8}") = "libs", "libs", "{19307F53-1717-4A5B-A143-C02BC5DE6C01}"
EndProject
Project("{9A19103F-16F7-4668-BE54-9A1E7A4F7556}") = "NumberPlace.Algorithm.Test", "test\NumberPlace.Algorithm.Test\NumberPlace.Algorithm.Test.csproj", "{A5DB2D99-322A-4DB9-B4A0-27E79A2D7345}"
EndProject
Project("{9A19103F-16F7-4668-BE54-9A1E7A4F7556}") = "NumberPlace.Godot.Test", "test\NumberPlace.Godot.Test\NumberPlace.Godot.Test.csproj", "{36A86E97-1AF7-4938-9F98-0038536D7279}"
EndProject
Project("{9A19103F-16F7-4668-BE54-9A1E7A4F7556}") = "NumberPlace.Algorithm", "src\libs\NumberPlace.Algorithm\NumberPlace.Algorithm.csproj", "{1494AC42-555A-4971-BC01-3E29D65329BB}"
EndProject
Project("{9A19103F-16F7-4668-BE54-9A1E7A4F7556}") = "NumberPlace.Algorithm.Abstracts", "src\libs\NumberPlace.Algorithm.Abstracts\NumberPlace.Algorithm.Abstracts.csproj", "{A17E2C2A-134E-4371-8A1A-2DE0D3C74C3E}"
EndProject
Project("{9A19103F-16F7-4668-BE54-9A1E7A4F7556}") = "Godot.Module.DependencyInjection", "src\libs\Godot.Module.DependencyInjection\Godot.Module.DependencyInjection.csproj", "{B31E34AD-386A-45C6-82D9-B46D9ADE914F}"
EndProject
Project("{9A19103F-16F7-4668-BE54-9A1E7A4F7556}") = "Godot.Module.Logging", "src\libs\Godot.Module.Logging\Godot.Module.Logging.csproj", "{9DC6106D-C4D4-4CF5-9C12-1D6769FE5848}"
EndProject
Project("{9A19103F-16F7-4668-BE54-9A1E7A4F7556}") = "Godot.Module", "src\libs\Godot.Module\Godot.Module.csproj", "{915066B7-B9BB-41DF-B3F3-6E6443C7A3A8}"
EndProject
Project("{9A19103F-16F7-4668-BE54-9A1E7A4F7556}") = "Godot.Module.Serilog", "src\libs\Godot.Module.Serilog\Godot.Module.Serilog.csproj", "{A1FDC14E-B69A-42B9-AAD8-079303F2652C}"
EndProject
Project("{9A19103F-16F7-4668-BE54-9A1E7A4F7556}") = "Gotdot.Module.EntityFrameworkCore", "src\libs\Gotdot.Module.EntityFrameworkCore\Gotdot.Module.EntityFrameworkCore.csproj", "{F623FB02-E6FA-4E95-B315-F0AC014BD353}"
EndProject
Project("{FAE04EC0-301F-11D3-BF4B-00C04F79EFBC}") = "NumberPlace.Domain", "src\applications\NumberPlace.Domain\NumberPlace.Domain.csproj", "{C3ABC959-E934-4315-9939-D409E119EF6A}"
EndProject
Project("{FAE04EC0-301F-11D3-BF4B-00C04F79EFBC}") = "NumberPlace.Application", "src\applications\NumberPlace.Application\NumberPlace.Application.csproj", "{61487EEE-9B98-4793-A93F-385793BED7C4}"
EndProject
Project("{FAE04EC0-301F-11D3-BF4B-00C04F79EFBC}") = "NumberPlace.EntityFrameworkCore", "src\applications\NumberPlace.EntityFrameworkCore\NumberPlace.EntityFrameworkCore.csproj", "{2B474FB9-F174-4CFA-A67F-866663DFF298}"
EndProject
Project("{FAE04EC0-301F-11D3-BF4B-00C04F79EFBC}") = "NumberPlace.Application.Abstracts", "src\applications\NumberPlace.Application.Abstracts\NumberPlace.Application.Abstracts.csproj", "{98CA2E29-F6D2-4234-8539-DB867FABB571}"
EndProject
Global
	GlobalSection(SolutionConfigurationPlatforms) = preSolution
		Debug|Any CPU = Debug|Any CPU
		ExportDebug|Any CPU = ExportDebug|Any CPU
		ExportRelease|Any CPU = ExportRelease|Any CPU
		Release|Any CPU = Release|Any CPU
	EndGlobalSection
	GlobalSection(ProjectConfigurationPlatforms) = postSolution
		{A5DB2D99-322A-4DB9-B4A0-27E79A2D7345}.Debug|Any CPU.ActiveCfg = Debug|Any CPU
		{A5DB2D99-322A-4DB9-B4A0-27E79A2D7345}.Debug|Any CPU.Build.0 = Debug|Any CPU
		{A5DB2D99-322A-4DB9-B4A0-27E79A2D7345}.ExportDebug|Any CPU.ActiveCfg = Debug|Any CPU
		{A5DB2D99-322A-4DB9-B4A0-27E79A2D7345}.ExportDebug|Any CPU.Build.0 = Debug|Any CPU
		{A5DB2D99-322A-4DB9-B4A0-27E79A2D7345}.ExportRelease|Any CPU.ActiveCfg = Release|Any CPU
		{A5DB2D99-322A-4DB9-B4A0-27E79A2D7345}.ExportRelease|Any CPU.Build.0 = Release|Any CPU
		{A5DB2D99-322A-4DB9-B4A0-27E79A2D7345}.Release|Any CPU.ActiveCfg = Release|Any CPU
		{A5DB2D99-322A-4DB9-B4A0-27E79A2D7345}.Release|Any CPU.Build.0 = Release|Any CPU
		{36A86E97-1AF7-4938-9F98-0038536D7279}.Debug|Any CPU.ActiveCfg = Debug|Any CPU
		{36A86E97-1AF7-4938-9F98-0038536D7279}.Debug|Any CPU.Build.0 = Debug|Any CPU
		{36A86E97-1AF7-4938-9F98-0038536D7279}.ExportDebug|Any CPU.ActiveCfg = ExportDebug|Any CPU
		{36A86E97-1AF7-4938-9F98-0038536D7279}.ExportDebug|Any CPU.Build.0 = ExportDebug|Any CPU
		{36A86E97-1AF7-4938-9F98-0038536D7279}.ExportRelease|Any CPU.ActiveCfg = ExportRelease|Any CPU
		{36A86E97-1AF7-4938-9F98-0038536D7279}.ExportRelease|Any CPU.Build.0 = ExportRelease|Any CPU
		{36A86E97-1AF7-4938-9F98-0038536D7279}.Release|Any CPU.ActiveCfg = ExportRelease|Any CPU
		{36A86E97-1AF7-4938-9F98-0038536D7279}.Release|Any CPU.Build.0 = ExportRelease|Any CPU
		{1494AC42-555A-4971-BC01-3E29D65329BB}.Debug|Any CPU.ActiveCfg = Debug|Any CPU
		{1494AC42-555A-4971-BC01-3E29D65329BB}.Debug|Any CPU.Build.0 = Debug|Any CPU
		{1494AC42-555A-4971-BC01-3E29D65329BB}.ExportDebug|Any CPU.ActiveCfg = Debug|Any CPU
		{1494AC42-555A-4971-BC01-3E29D65329BB}.ExportDebug|Any CPU.Build.0 = Debug|Any CPU
		{1494AC42-555A-4971-BC01-3E29D65329BB}.ExportRelease|Any CPU.ActiveCfg = Release|Any CPU
		{1494AC42-555A-4971-BC01-3E29D65329BB}.ExportRelease|Any CPU.Build.0 = Release|Any CPU
		{1494AC42-555A-4971-BC01-3E29D65329BB}.Release|Any CPU.ActiveCfg = Release|Any CPU
		{1494AC42-555A-4971-BC01-3E29D65329BB}.Release|Any CPU.Build.0 = Release|Any CPU
		{A17E2C2A-134E-4371-8A1A-2DE0D3C74C3E}.Debug|Any CPU.ActiveCfg = Debug|Any CPU
		{A17E2C2A-134E-4371-8A1A-2DE0D3C74C3E}.Debug|Any CPU.Build.0 = Debug|Any CPU
		{A17E2C2A-134E-4371-8A1A-2DE0D3C74C3E}.ExportDebug|Any CPU.ActiveCfg = Debug|Any CPU
		{A17E2C2A-134E-4371-8A1A-2DE0D3C74C3E}.ExportDebug|Any CPU.Build.0 = Debug|Any CPU
		{A17E2C2A-134E-4371-8A1A-2DE0D3C74C3E}.ExportRelease|Any CPU.ActiveCfg = Release|Any CPU
		{A17E2C2A-134E-4371-8A1A-2DE0D3C74C3E}.ExportRelease|Any CPU.Build.0 = Release|Any CPU
		{A17E2C2A-134E-4371-8A1A-2DE0D3C74C3E}.Release|Any CPU.ActiveCfg = Release|Any CPU
		{A17E2C2A-134E-4371-8A1A-2DE0D3C74C3E}.Release|Any CPU.Build.0 = Release|Any CPU
		{B31E34AD-386A-45C6-82D9-B46D9ADE914F}.Debug|Any CPU.ActiveCfg = Debug|Any CPU
		{B31E34AD-386A-45C6-82D9-B46D9ADE914F}.Debug|Any CPU.Build.0 = Debug|Any CPU
		{B31E34AD-386A-45C6-82D9-B46D9ADE914F}.ExportDebug|Any CPU.ActiveCfg = ExportDebug|Any CPU
		{B31E34AD-386A-45C6-82D9-B46D9ADE914F}.ExportDebug|Any CPU.Build.0 = ExportDebug|Any CPU
		{B31E34AD-386A-45C6-82D9-B46D9ADE914F}.ExportRelease|Any CPU.ActiveCfg = ExportRelease|Any CPU
		{B31E34AD-386A-45C6-82D9-B46D9ADE914F}.ExportRelease|Any CPU.Build.0 = ExportRelease|Any CPU
		{B31E34AD-386A-45C6-82D9-B46D9ADE914F}.Release|Any CPU.ActiveCfg = ExportRelease|Any CPU
		{B31E34AD-386A-45C6-82D9-B46D9ADE914F}.Release|Any CPU.Build.0 = ExportRelease|Any CPU
		{9DC6106D-C4D4-4CF5-9C12-1D6769FE5848}.Debug|Any CPU.ActiveCfg = Debug|Any CPU
		{9DC6106D-C4D4-4CF5-9C12-1D6769FE5848}.Debug|Any CPU.Build.0 = Debug|Any CPU
		{9DC6106D-C4D4-4CF5-9C12-1D6769FE5848}.ExportDebug|Any CPU.ActiveCfg = ExportDebug|Any CPU
		{9DC6106D-C4D4-4CF5-9C12-1D6769FE5848}.ExportDebug|Any CPU.Build.0 = ExportDebug|Any CPU
		{9DC6106D-C4D4-4CF5-9C12-1D6769FE5848}.ExportRelease|Any CPU.ActiveCfg = ExportRelease|Any CPU
		{9DC6106D-C4D4-4CF5-9C12-1D6769FE5848}.ExportRelease|Any CPU.Build.0 = ExportRelease|Any CPU
		{9DC6106D-C4D4-4CF5-9C12-1D6769FE5848}.Release|Any CPU.ActiveCfg = ExportRelease|Any CPU
		{9DC6106D-C4D4-4CF5-9C12-1D6769FE5848}.Release|Any CPU.Build.0 = ExportRelease|Any CPU
		{915066B7-B9BB-41DF-B3F3-6E6443C7A3A8}.Debug|Any CPU.ActiveCfg = Debug|Any CPU
		{915066B7-B9BB-41DF-B3F3-6E6443C7A3A8}.Debug|Any CPU.Build.0 = Debug|Any CPU
		{915066B7-B9BB-41DF-B3F3-6E6443C7A3A8}.ExportDebug|Any CPU.ActiveCfg = ExportDebug|Any CPU
		{915066B7-B9BB-41DF-B3F3-6E6443C7A3A8}.ExportDebug|Any CPU.Build.0 = ExportDebug|Any CPU
		{915066B7-B9BB-41DF-B3F3-6E6443C7A3A8}.ExportRelease|Any CPU.ActiveCfg = ExportRelease|Any CPU
		{915066B7-B9BB-41DF-B3F3-6E6443C7A3A8}.ExportRelease|Any CPU.Build.0 = ExportRelease|Any CPU
		{915066B7-B9BB-41DF-B3F3-6E6443C7A3A8}.Release|Any CPU.ActiveCfg = ExportRelease|Any CPU
		{915066B7-B9BB-41DF-B3F3-6E6443C7A3A8}.Release|Any CPU.Build.0 = ExportRelease|Any CPU
		{A1FDC14E-B69A-42B9-AAD8-079303F2652C}.Debug|Any CPU.ActiveCfg = Debug|Any CPU
		{A1FDC14E-B69A-42B9-AAD8-079303F2652C}.Debug|Any CPU.Build.0 = Debug|Any CPU
		{A1FDC14E-B69A-42B9-AAD8-079303F2652C}.ExportDebug|Any CPU.ActiveCfg = ExportDebug|Any CPU
		{A1FDC14E-B69A-42B9-AAD8-079303F2652C}.ExportDebug|Any CPU.Build.0 = ExportDebug|Any CPU
		{A1FDC14E-B69A-42B9-AAD8-079303F2652C}.ExportRelease|Any CPU.ActiveCfg = ExportRelease|Any CPU
		{A1FDC14E-B69A-42B9-AAD8-079303F2652C}.ExportRelease|Any CPU.Build.0 = ExportRelease|Any CPU
		{A1FDC14E-B69A-42B9-AAD8-079303F2652C}.Release|Any CPU.ActiveCfg = ExportRelease|Any CPU
		{A1FDC14E-B69A-42B9-AAD8-079303F2652C}.Release|Any CPU.Build.0 = ExportRelease|Any CPU
		{F623FB02-E6FA-4E95-B315-F0AC014BD353}.Debug|Any CPU.ActiveCfg = Debug|Any CPU
		{F623FB02-E6FA-4E95-B315-F0AC014BD353}.Debug|Any CPU.Build.0 = Debug|Any CPU
		{F623FB02-E6FA-4E95-B315-F0AC014BD353}.ExportDebug|Any CPU.ActiveCfg = ExportDebug|Any CPU
		{F623FB02-E6FA-4E95-B315-F0AC014BD353}.ExportDebug|Any CPU.Build.0 = ExportDebug|Any CPU
		{F623FB02-E6FA-4E95-B315-F0AC014BD353}.ExportRelease|Any CPU.ActiveCfg = ExportRelease|Any CPU
		{F623FB02-E6FA-4E95-B315-F0AC014BD353}.ExportRelease|Any CPU.Build.0 = ExportRelease|Any CPU
		{F623FB02-E6FA-4E95-B315-F0AC014BD353}.Release|Any CPU.ActiveCfg = ExportRelease|Any CPU
		{F623FB02-E6FA-4E95-B315-F0AC014BD353}.Release|Any CPU.Build.0 = ExportRelease|Any CPU
		{C3ABC959-E934-4315-9939-D409E119EF6A}.Debug|Any CPU.ActiveCfg = Debug|Any CPU
		{C3ABC959-E934-4315-9939-D409E119EF6A}.Debug|Any CPU.Build.0 = Debug|Any CPU
		{C3ABC959-E934-4315-9939-D409E119EF6A}.ExportDebug|Any CPU.ActiveCfg = Debug|Any CPU
		{C3ABC959-E934-4315-9939-D409E119EF6A}.ExportDebug|Any CPU.Build.0 = Debug|Any CPU
		{C3ABC959-E934-4315-9939-D409E119EF6A}.ExportRelease|Any CPU.ActiveCfg = Release|Any CPU
		{C3ABC959-E934-4315-9939-D409E119EF6A}.ExportRelease|Any CPU.Build.0 = Release|Any CPU
		{C3ABC959-E934-4315-9939-D409E119EF6A}.Release|Any CPU.ActiveCfg = Release|Any CPU
		{C3ABC959-E934-4315-9939-D409E119EF6A}.Release|Any CPU.Build.0 = Release|Any CPU
		{61487EEE-9B98-4793-A93F-385793BED7C4}.Debug|Any CPU.ActiveCfg = Debug|Any CPU
		{61487EEE-9B98-4793-A93F-385793BED7C4}.Debug|Any CPU.Build.0 = Debug|Any CPU
		{61487EEE-9B98-4793-A93F-385793BED7C4}.ExportDebug|Any CPU.ActiveCfg = Debug|Any CPU
		{61487EEE-9B98-4793-A93F-385793BED7C4}.ExportDebug|Any CPU.Build.0 = Debug|Any CPU
		{61487EEE-9B98-4793-A93F-385793BED7C4}.ExportRelease|Any CPU.ActiveCfg = Release|Any CPU
		{61487EEE-9B98-4793-A93F-385793BED7C4}.ExportRelease|Any CPU.Build.0 = Release|Any CPU
		{61487EEE-9B98-4793-A93F-385793BED7C4}.Release|Any CPU.ActiveCfg = Release|Any CPU
		{61487EEE-9B98-4793-A93F-385793BED7C4}.Release|Any CPU.Build.0 = Release|Any CPU
		{2B474FB9-F174-4CFA-A67F-866663DFF298}.Debug|Any CPU.ActiveCfg = Debug|Any CPU
		{2B474FB9-F174-4CFA-A67F-866663DFF298}.Debug|Any CPU.Build.0 = Debug|Any CPU
		{2B474FB9-F174-4CFA-A67F-866663DFF298}.ExportDebug|Any CPU.ActiveCfg = Debug|Any CPU
		{2B474FB9-F174-4CFA-A67F-866663DFF298}.ExportDebug|Any CPU.Build.0 = Debug|Any CPU
		{2B474FB9-F174-4CFA-A67F-866663DFF298}.ExportRelease|Any CPU.ActiveCfg = Release|Any CPU
		{2B474FB9-F174-4CFA-A67F-866663DFF298}.ExportRelease|Any CPU.Build.0 = Release|Any CPU
		{2B474FB9-F174-4CFA-A67F-866663DFF298}.Release|Any CPU.ActiveCfg = Release|Any CPU
		{2B474FB9-F174-4CFA-A67F-866663DFF298}.Release|Any CPU.Build.0 = Release|Any CPU
		{98CA2E29-F6D2-4234-8539-DB867FABB571}.Debug|Any CPU.ActiveCfg = Debug|Any CPU
		{98CA2E29-F6D2-4234-8539-DB867FABB571}.Debug|Any CPU.Build.0 = Debug|Any CPU
		{98CA2E29-F6D2-4234-8539-DB867FABB571}.ExportDebug|Any CPU.ActiveCfg = Debug|Any CPU
		{98CA2E29-F6D2-4234-8539-DB867FABB571}.ExportDebug|Any CPU.Build.0 = Debug|Any CPU
		{98CA2E29-F6D2-4234-8539-DB867FABB571}.ExportRelease|Any CPU.ActiveCfg = Release|Any CPU
		{98CA2E29-F6D2-4234-8539-DB867FABB571}.ExportRelease|Any CPU.Build.0 = Release|Any CPU
		{98CA2E29-F6D2-4234-8539-DB867FABB571}.Release|Any CPU.ActiveCfg = Release|Any CPU
		{98CA2E29-F6D2-4234-8539-DB867FABB571}.Release|Any CPU.Build.0 = Release|Any CPU
	EndGlobalSection
	GlobalSection(SolutionProperties) = preSolution
		HideSolutionNode = FALSE
	EndGlobalSection
	GlobalSection(NestedProjects) = preSolution
		{BDC06457-271F-4EE4-9CB2-E3D12A61116E} = {90AD7F3E-2D72-4ECF-9B1B-2547E7539253}
		{19307F53-1717-4A5B-A143-C02BC5DE6C01} = {90AD7F3E-2D72-4ECF-9B1B-2547E7539253}
		{A5DB2D99-322A-4DB9-B4A0-27E79A2D7345} = {13F69FED-EA9C-4826-B5B5-0AA935278A2A}
		{36A86E97-1AF7-4938-9F98-0038536D7279} = {13F69FED-EA9C-4826-B5B5-0AA935278A2A}
		{1494AC42-555A-4971-BC01-3E29D65329BB} = {19307F53-1717-4A5B-A143-C02BC5DE6C01}
		{A17E2C2A-134E-4371-8A1A-2DE0D3C74C3E} = {19307F53-1717-4A5B-A143-C02BC5DE6C01}
		{B31E34AD-386A-45C6-82D9-B46D9ADE914F} = {19307F53-1717-4A5B-A143-C02BC5DE6C01}
		{9DC6106D-C4D4-4CF5-9C12-1D6769FE5848} = {19307F53-1717-4A5B-A143-C02BC5DE6C01}
		{915066B7-B9BB-41DF-B3F3-6E6443C7A3A8} = {19307F53-1717-4A5B-A143-C02BC5DE6C01}
		{A1FDC14E-B69A-42B9-AAD8-079303F2652C} = {19307F53-1717-4A5B-A143-C02BC5DE6C01}
		{F623FB02-E6FA-4E95-B315-F0AC014BD353} = {19307F53-1717-4A5B-A143-C02BC5DE6C01}
		{C3ABC959-E934-4315-9939-D409E119EF6A} = {BDC06457-271F-4EE4-9CB2-E3D12A61116E}
		{61487EEE-9B98-4793-A93F-385793BED7C4} = {BDC06457-271F-4EE4-9CB2-E3D12A61116E}
		{2B474FB9-F174-4CFA-A67F-866663DFF298} = {BDC06457-271F-4EE4-9CB2-E3D12A61116E}
		{98CA2E29-F6D2-4234-8539-DB867FABB571} = {BDC06457-271F-4EE4-9CB2-E3D12A61116E}
	EndGlobalSection
	GlobalSection(ExtensibilityGlobals) = postSolution
		SolutionGuid = {59ED7CFE-8076-48B6-9DDC-012D9C9C0F10}
	EndGlobalSection
EndGlobal
